Microsoft Visual Studio Solution File, Format Version 12.00
# Visual Studio Version 17
VisualStudioVersion = 17.0.31903.59
MinimumVisualStudioVersion = 10.0.40219.1
Project("{2150E333-8FDC-42A3-9474-1A3956D46DE8}") = "src", "src", "{00000000-0000-0000-0000-000000000001}"
EndProject
Project("{2150E333-8FDC-42A3-9474-1A3956D46DE8}") = "tests", "tests", "{00000000-0000-0000-0000-000000000002}"
EndProject
Project("{FAE04EC0-301F-11D3-BF4B-00C04F79EFBC}") = "ZooAssignment.DataAccessLayer", "src\ZooAssignment.DataAccessLayer\ZooAssignment.DataAccessLayer.csproj", "{06218713-ECA0-4EDE-AC99-23A93B905BBA}"
EndProject
Project("{FAE04EC0-301F-11D3-BF4B-00C04F79EFBC}") = "ZooAssignment.BusinessLayer", "src\ZooAssignment.BusinessLayer\ZooAssignment.BusinessLayer.csproj", "{9A3509BE-80F7-46AD-86A4-526D965420DF}"
EndProject
Project("{FAE04EC0-301F-11D3-BF4B-00C04F79EFBC}") = "ZooAssignment.Api", "src\ZooAssignment.Api\ZooAssignment.Api.csproj", "{622035C3-84C6-483D-8A1E-0B55248E8669}"
EndProject
Project("{FAE04EC0-301F-11D3-BF4B-00C04F79EFBC}") = "ZooAssignment.Tests", "tests\ZooAssignment.Tests\ZooAssignment.Tests.csproj", "{C2B3D4E5-F6A7-48B9-C0D1-E2F3A4B5C6D7}"
EndProject
Global
	GlobalSection(SolutionConfigurationPlatforms) = preSolution
		Debug|Any CPU = Debug|Any CPU
		Debug|x64 = Debug|x64
		Debug|x86 = Debug|x86
		Release|Any CPU = Release|Any CPU
		Release|x64 = Release|x64
		Release|x86 = Release|x86
	EndGlobalSection
	GlobalSection(ProjectConfigurationPlatforms) = postSolution
		{06218713-ECA0-4EDE-AC99-23A93B905BBA}.Debug|Any CPU.ActiveCfg = Debug|Any CPU
		{06218713-ECA0-4EDE-AC99-23A93B905BBA}.Debug|Any CPU.Build.0 = Debug|Any CPU
		{06218713-ECA0-4EDE-AC99-23A93B905BBA}.Debug|x64.ActiveCfg = Debug|Any CPU
		{06218713-ECA0-4EDE-AC99-23A93B905BBA}.Debug|x64.Build.0 = Debug|Any CPU
		{06218713-ECA0-4EDE-AC99-23A93B905BBA}.Debug|x86.ActiveCfg = Debug|Any CPU
		{06218713-ECA0-4EDE-AC99-23A93B905BBA}.Debug|x86.Build.0 = Debug|Any CPU
		{06218713-ECA0-4EDE-AC99-23A93B905BBA}.Release|Any CPU.ActiveCfg = Release|Any CPU
		{06218713-ECA0-4EDE-AC99-23A93B905BBA}.Release|Any CPU.Build.0 = Release|Any CPU
		{06218713-ECA0-4EDE-AC99-23A93B905BBA}.Release|x64.ActiveCfg = Release|Any CPU
		{06218713-ECA0-4EDE-AC99-23A93B905BBA}.Release|x64.Build.0 = Release|Any CPU
		{06218713-ECA0-4EDE-AC99-23A93B905BBA}.Release|x86.ActiveCfg = Release|Any CPU
		{06218713-ECA0-4EDE-AC99-23A93B905BBA}.Release|x86.Build.0 = Release|Any CPU
		{9A3509BE-80F7-46AD-86A4-526D965420DF}.Debug|Any CPU.ActiveCfg = Debug|Any CPU
		{9A3509BE-80F7-46AD-86A4-526D965420DF}.Debug|Any CPU.Build.0 = Debug|Any CPU
		{9A3509BE-80F7-46AD-86A4-526D965420DF}.Debug|x64.ActiveCfg = Debug|Any CPU
		{9A3509BE-80F7-46AD-86A4-526D965420DF}.Debug|x64.Build.0 = Debug|Any CPU
		{9A3509BE-80F7-46AD-86A4-526D965420DF}.Debug|x86.ActiveCfg = Debug|Any CPU
		{9A3509BE-80F7-46AD-86A4-526D965420DF}.Debug|x86.Build.0 = Debug|Any CPU
		{9A3509BE-80F7-46AD-86A4-526D965420DF}.Release|Any CPU.ActiveCfg = Release|Any CPU
		{9A3509BE-80F7-46AD-86A4-526D965420DF}.Release|Any CPU.Build.0 = Release|Any CPU
		{9A3509BE-80F7-46AD-86A4-526D965420DF}.Release|x64.ActiveCfg = Release|Any CPU
		{9A3509BE-80F7-46AD-86A4-526D965420DF}.Release|x64.Build.0 = Release|Any CPU
		{9A3509BE-80F7-46AD-86A4-526D965420DF}.Release|x86.ActiveCfg = Release|Any CPU
		{9A3509BE-80F7-46AD-86A4-526D965420DF}.Release|x86.Build.0 = Release|Any CPU
		{622035C3-84C6-483D-8A1E-0B55248E8669}.Debug|Any CPU.ActiveCfg = Debug|Any CPU
		{622035C3-84C6-483D-8A1E-0B55248E8669}.Debug|Any CPU.Build.0 = Debug|Any CPU
		{622035C3-84C6-483D-8A1E-0B55248E8669}.Debug|x64.ActiveCfg = Debug|Any CPU
		{622035C3-84C6-483D-8A1E-0B55248E8669}.Debug|x64.Build.0 = Debug|Any CPU
		{622035C3-84C6-483D-8A1E-0B55248E8669}.Debug|x86.ActiveCfg = Debug|Any CPU
		{622035C3-84C6-483D-8A1E-0B55248E8669}.Debug|x86.Build.0 = Debug|Any CPU
		{622035C3-84C6-483D-8A1E-0B55248E8669}.Release|Any CPU.ActiveCfg = Release|Any CPU
		{622035C3-84C6-483D-8A1E-0B55248E8669}.Release|Any CPU.Build.0 = Release|Any CPU
		{622035C3-84C6-483D-8A1E-0B55248E8669}.Release|x64.ActiveCfg = Release|Any CPU
		{622035C3-84C6-483D-8A1E-0B55248E8669}.Release|x64.Build.0 = Release|Any CPU
		{622035C3-84C6-483D-8A1E-0B55248E8669}.Release|x86.ActiveCfg = Release|Any CPU
		{622035C3-84C6-483D-8A1E-0B55248E8669}.Release|x86.Build.0 = Release|Any CPU
		{C2B3D4E5-F6A7-48B9-C0D1-E2F3A4B5C6D7}.Debug|Any CPU.ActiveCfg = Debug|Any CPU
		{C2B3D4E5-F6A7-48B9-C0D1-E2F3A4B5C6D7}.Debug|Any CPU.Build.0 = Debug|Any CPU
		{C2B3D4E5-F6A7-48B9-C0D1-E2F3A4B5C6D7}.Debug|x64.ActiveCfg = Debug|Any CPU
		{C2B3D4E5-F6A7-48B9-C0D1-E2F3A4B5C6D7}.Debug|x64.Build.0 = Debug|Any CPU
		{C2B3D4E5-F6A7-48B9-C0D1-E2F3A4B5C6D7}.Debug|x86.ActiveCfg = Debug|Any CPU
		{C2B3D4E5-F6A7-48B9-C0D1-E2F3A4B5C6D7}.Debug|x86.Build.0 = Debug|Any CPU
		{C2B3D4E5-F6A7-48B9-C0D1-E2F3A4B5C6D7}.Release|Any CPU.ActiveCfg = Release|Any CPU
		{C2B3D4E5-F6A7-48B9-C0D1-E2F3A4B5C6D7}.Release|Any CPU.Build.0 = Release|Any CPU
		{C2B3D4E5-F6A7-48B9-C0D1-E2F3A4B5C6D7}.Release|x64.ActiveCfg = Release|Any CPU
		{C2B3D4E5-F6A7-48B9-C0D1-E2F3A4B5C6D7}.Release|x64.Build.0 = Release|Any CPU
		{C2B3D4E5-F6A7-48B9-C0D1-E2F3A4B5C6D7}.Release|x86.ActiveCfg = Release|Any CPU
		{C2B3D4E5-F6A7-48B9-C0D1-E2F3A4B5C6D7}.Release|x86.Build.0 = Release|Any CPU
	EndGlobalSection
	GlobalSection(SolutionProperties) = preSolution
		HideSolutionNode = FALSE
	EndGlobalSection
	GlobalSection(NestedProjects) = preSolution
		{06218713-ECA0-4EDE-AC99-23A93B905BBA} = {00000000-0000-0000-0000-000000000001}
		{9A3509BE-80F7-46AD-86A4-526D965420DF} = {00000000-0000-0000-0000-000000000001}
		{622035C3-84C6-483D-8A1E-0B55248E8669} = {00000000-0000-0000-0000-000000000001}
		{C2B3D4E5-F6A7-48B9-C0D1-E2F3A4B5C6D7} = {00000000-0000-0000-0000-000000000002}
	EndGlobalSection
EndGlobal
